// !$*UTF8*$!
{
	archiveVersion = 1;
	classes = {
	};
	objectVersion = 55;
	objects = {

/* Begin PBXBuildFile section */
		3F24F582288BEF360061388B /* AppDelegate.swift in Sources */ = {isa = PBXBuildFile; fileRef = 3F24F581288BEF360061388B /* AppDelegate.swift */; };
		3F24F584288BEF360061388B /* SceneDelegate.swift in Sources */ = {isa = PBXBuildFile; fileRef = 3F24F583288BEF360061388B /* SceneDelegate.swift */; };
		3F24F586288BEF360061388B /* AddBirthdayViewController.swift in Sources */ = {isa = PBXBuildFile; fileRef = 3F24F585288BEF360061388B /* AddBirthdayViewController.swift */; };
		3F24F589288BEF360061388B /* Main.storyboard in Resources */ = {isa = PBXBuildFile; fileRef = 3F24F587288BEF360061388B /* Main.storyboard */; };
		3F24F58C288BEF360061388B /* BirthdayTracker.xcdatamodeld in Sources */ = {isa = PBXBuildFile; fileRef = 3F24F58A288BEF360061388B /* BirthdayTracker.xcdatamodeld */; };
		3F24F58E288BEF370061388B /* Assets.xcassets in Resources */ = {isa = PBXBuildFile; fileRef = 3F24F58D288BEF370061388B /* Assets.xcassets */; };
		3F24F591288BEF370061388B /* LaunchScreen.storyboard in Resources */ = {isa = PBXBuildFile; fileRef = 3F24F58F288BEF370061388B /* LaunchScreen.storyboard */; };
		3F3217C828A78424002F682D /* BirthdaysTableViewController.swift in Sources */ = {isa = PBXBuildFile; fileRef = 3F3217C728A78424002F682D /* BirthdaysTableViewController.swift */; };
/* End PBXBuildFile section */

/* Begin PBXFileReference section */
		3F24F57E288BEF360061388B /* BirthdayTracker.app */ = {isa = PBXFileReference; explicitFileType = wrapper.application; includeInIndex = 0; path = BirthdayTracker.app; sourceTree = BUILT_PRODUCTS_DIR; };
		3F24F581288BEF360061388B /* AppDelegate.swift */ = {isa = PBXFileReference; lastKnownFileType = sourcecode.swift; path = AppDelegate.swift; sourceTree = "<group>"; };
		3F24F583288BEF360061388B /* SceneDelegate.swift */ = {isa = PBXFileReference; lastKnownFileType = sourcecode.swift; path = SceneDelegate.swift; sourceTree = "<group>"; };
		3F24F585288BEF360061388B /* AddBirthdayViewController.swift */ = {isa = PBXFileReference; lastKnownFileType = sourcecode.swift; path = AddBirthdayViewController.swift; sourceTree = "<group>"; };
		3F24F588288BEF360061388B /* Base */ = {isa = PBXFileReference; lastKnownFileType = file.storyboard; name = Base; path = Base.lproj/Main.storyboard; sourceTree = "<group>"; };
		3F24F58B288BEF360061388B /* BirthdayTracker.xcdatamodel */ = {isa = PBXFileReference; lastKnownFileType = wrapper.xcdatamodel; path = BirthdayTracker.xcdatamodel; sourceTree = "<group>"; };
		3F24F58D288BEF370061388B /* Assets.xcassets */ = {isa = PBXFileReference; lastKnownFileType = folder.assetcatalog; path = Assets.xcassets; sourceTree = "<group>"; };
		3F24F590288BEF370061388B /* Base */ = {isa = PBXFileReference; lastKnownFileType = file.storyboard; name = Base; path = Base.lproj/LaunchScreen.storyboard; sourceTree = "<group>"; };
		3F24F592288BEF370061388B /* Info.plist */ = {isa = PBXFileReference; lastKnownFileType = text.plist.xml; path = Info.plist; sourceTree = "<group>"; };
		3F3217C728A78424002F682D /* BirthdaysTableViewController.swift */ = {isa = PBXFileReference; lastKnownFileType = sourcecode.swift; path = BirthdaysTableViewController.swift; sourceTree = "<group>"; };
/* End PBXFileReference section */

/* Begin PBXFrameworksBuildPhase section */
		3F24F57B288BEF360061388B /* Frameworks */ = {
			isa = PBXFrameworksBuildPhase;
			buildActionMask = 2147483647;
			files = (
			);
			runOnlyForDeploymentPostprocessing = 0;
		};
/* End PBXFrameworksBuildPhase section */

/* Begin PBXGroup section */
		3F24F575288BEF360061388B = {
			isa = PBXGroup;
			children = (
				3F24F580288BEF360061388B /* BirthdayTracker */,
				3F24F57F288BEF360061388B /* Products */,
			);
			sourceTree = "<group>";
		};
		3F24F57F288BEF360061388B /* Products */ = {
			isa = PBXGroup;
			children = (
				3F24F57E288BEF360061388B /* BirthdayTracker.app */,
			);
			name = Products;
			sourceTree = "<group>";
		};
		3F24F580288BEF360061388B /* BirthdayTracker */ = {
			isa = PBXGroup;
			children = (
				3F24F581288BEF360061388B /* AppDelegate.swift */,
				3F24F583288BEF360061388B /* SceneDelegate.swift */,
				3F24F585288BEF360061388B /* AddBirthdayViewController.swift */,
				3F24F587288BEF360061388B /* Main.storyboard */,
				3F24F58D288BEF370061388B /* Assets.xcassets */,
				3F24F58F288BEF370061388B /* LaunchScreen.storyboard */,
				3F24F592288BEF370061388B /* Info.plist */,
				3F24F58A288BEF360061388B /* BirthdayTracker.xcdatamodeld */,
				3F3217C728A78424002F682D /* BirthdaysTableViewController.swift */,
			);
			path = BirthdayTracker;
			sourceTree = "<group>";
		};
/* End PBXGroup section */

/* Begin PBXNativeTarget section */
		3F24F57D288BEF360061388B /* BirthdayTracker */ = {
			isa = PBXNativeTarget;
			buildConfigurationList = 3F24F595288BEF370061388B /* Build configuration list for PBXNativeTarget "BirthdayTracker" */;
			buildPhases = (
				3F24F57A288BEF360061388B /* Sources */,
				3F24F57B288BEF360061388B /* Frameworks */,
				3F24F57C288BEF360061388B /* Resources */,
			);
			buildRules = (
			);
			dependencies = (
			);
			name = BirthdayTracker;
			productName = BirthdayTracker;
			productReference = 3F24F57E288BEF360061388B /* BirthdayTracker.app */;
			productType = "com.apple.product-type.application";
		};
/* End PBXNativeTarget section */

/* Begin PBXProject section */
		3F24F576288BEF360061388B /* Project object */ = {
			isa = PBXProject;
			attributes = {
				BuildIndependentTargetsInParallel = 1;
				LastSwiftUpdateCheck = 1330;
				LastUpgradeCheck = 1330;
				TargetAttributes = {
					3F24F57D288BEF360061388B = {
						CreatedOnToolsVersion = 13.3;
					};
				};
			};
			buildConfigurationList = 3F24F579288BEF360061388B /* Build configuration list for PBXProject "BirthdayTracker" */;
			compatibilityVersion = "Xcode 13.0";
			developmentRegion = en;
			hasScannedForEncodings = 0;
			knownRegions = (
				en,
				Base,
			);
			mainGroup = 3F24F575288BEF360061388B;
			productRefGroup = 3F24F57F288BEF360061388B /* Products */;
			projectDirPath = "";
			projectRoot = "";
			targets = (
				3F24F57D288BEF360061388B /* BirthdayTracker */,
			);
		};
/* End PBXProject section */

/* Begin PBXResourcesBuildPhase section */
		3F24F57C288BEF360061388B /* Resources */ = {
			isa = PBXResourcesBuildPhase;
			buildActionMask = 2147483647;
			files = (
				3F24F591288BEF370061388B /* LaunchScreen.storyboard in Resources */,
				3F24F58E288BEF370061388B /* Assets.xcassets in Resources */,
				3F24F589288BEF360061388B /* Main.storyboard in Resources */,
			);
			runOnlyForDeploymentPostprocessing = 0;
		};
/* End PBXResourcesBuildPhase section */

/* Begin PBXSourcesBuildPhase section */
		3F24F57A288BEF360061388B /* Sources */ = {
			isa = PBXSourcesBuildPhase;
			buildActionMask = 2147483647;
			files = (
				3F3217C828A78424002F682D /* BirthdaysTableViewController.swift in Sources */,
				3F24F586288BEF360061388B /* AddBirthdayViewController.swift in Sources */,
				3F24F582288BEF360061388B /* AppDelegate.swift in Sources */,
				3F24F584288BEF360061388B /* SceneDelegate.swift in Sources */,
				3F24F58C288BEF360061388B /* BirthdayTracker.xcdatamodeld in Sources */,
			);
			runOnlyForDeploymentPostprocessing = 0;
		};
/* End PBXSourcesBuildPhase section */

/* Begin PBXVariantGroup section */
		3F24F587288BEF360061388B /* Main.storyboard */ = {
			isa = PBXVariantGroup;
			children = (
				3F24F588288BEF360061388B /* Base */,
			);
			name = Main.storyboard;
			sourceTree = "<group>";
		};
		3F24F58F288BEF370061388B /* LaunchScreen.storyboard */ = {
			isa = PBXVariantGroup;
			children = (
				3F24F590288BEF370061388B /* Base */,
			);
			name = LaunchScreen.storyboard;
			sourceTree = "<group>";
		};
/* End PBXVariantGroup section */

/* Begin XCBuildConfiguration section */
		3F24F593288BEF370061388B /* Debug */ = {
			isa = XCBuildConfiguration;
			buildSettings = {
				ALWAYS_SEARCH_USER_PATHS = NO;
				CLANG_ANALYZER_NONNULL = YES;
				CLANG_ANALYZER_NUMBER_OBJECT_CONVERSION = YES_AGGRESSIVE;
				CLANG_CXX_LANGUAGE_STANDARD = "gnu++17";
				CLANG_ENABLE_MODULES = YES;
				CLANG_ENABLE_OBJC_ARC = YES;
				CLANG_ENABLE_OBJC_WEAK = YES;
				CLANG_WARN_BLOCK_CAPTURE_AUTORELEASING = YES;
				CLANG_WARN_BOOL_CONVERSION = YES;
				CLANG_WARN_COMMA = YES;
				CLANG_WARN_CONSTANT_CONVERSION = YES;
				CLANG_WARN_DEPRECATED_OBJC_IMPLEMENTATIONS = YES;
				CLANG_WARN_DIRECT_OBJC_ISA_USAGE = YES_ERROR;
				CLANG_WARN_DOCUMENTATION_COMMENTS = YES;
				CLANG_WARN_EMPTY_BODY = YES;
				CLANG_WARN_ENUM_CONVERSION = YES;
				CLANG_WARN_INFINITE_RECURSION = YES;
				CLANG_WARN_INT_CONVERSION = YES;
				CLANG_WARN_NON_LITERAL_NULL_CONVERSION = YES;
				CLANG_WARN_OBJC_IMPLICIT_RETAIN_SELF = YES;
				CLANG_WARN_OBJC_LITERAL_CONVERSION = YES;
				CLANG_WARN_OBJC_ROOT_CLASS = YES_ERROR;
				CLANG_WARN_QUOTED_INCLUDE_IN_FRAMEWORK_HEADER = YES;
				CLANG_WARN_RANGE_LOOP_ANALYSIS = YES;
				CLANG_WARN_STRICT_PROTOTYPES = YES;
				CLANG_WARN_SUSPICIOUS_MOVE = YES;
				CLANG_WARN_UNGUARDED_AVAILABILITY = YES_AGGRESSIVE;
				CLANG_WARN_UNREACHABLE_CODE = YES;
				CLANG_WARN__DUPLICATE_METHOD_MATCH = YES;
				COPY_PHASE_STRIP = NO;
				DEBUG_INFORMATION_FORMAT = dwarf;
				ENABLE_STRICT_OBJC_MSGSEND = YES;
				ENABLE_TESTABILITY = YES;
				GCC_C_LANGUAGE_STANDARD = gnu11;
				GCC_DYNAMIC_NO_PIC = NO;
				GCC_NO_COMMON_BLOCKS = YES;
				GCC_OPTIMIZATION_LEVEL = 0;
				GCC_PREPROCESSOR_DEFINITIONS = (
					"DEBUG=1",
					"$(inherited)",
				);
				GCC_WARN_64_TO_32_BIT_CONVERSION = YES;
				GCC_WARN_ABOUT_RETURN_TYPE = YES_ERROR;
				GCC_WARN_UNDECLARED_SELECTOR = YES;
				GCC_WARN_UNINITIALIZED_AUTOS = YES_AGGRESSIVE;
				GCC_WARN_UNUSED_FUNCTION = YES;
				GCC_WARN_UNUSED_VARIABLE = YES;
				IPHONEOS_DEPLOYMENT_TARGET = 15.4;
				MTL_ENABLE_DEBUG_INFO = INCLUDE_SOURCE;
				MTL_FAST_MATH = YES;
				ONLY_ACTIVE_ARCH = YES;
				SDKROOT = iphoneos;
				SWIFT_ACTIVE_COMPILATION_CONDITIONS = DEBUG;
				SWIFT_OPTIMIZATION_LEVEL = "-Onone";
			};
			name = Debug;
		};
		3F24F594288BEF370061388B /* Release */ = {
			isa = XCBuildConfiguration;
			buildSettings = {
				ALWAYS_SEARCH_USER_PATHS = NO;
				CLANG_ANALYZER_NONNULL = YES;
				CLANG_ANALYZER_NUMBER_OBJECT_CONVERSION = YES_AGGRESSIVE;
				CLANG_CXX_LANGUAGE_STANDARD = "gnu++17";
				CLANG_ENABLE_MODULES = YES;
				CLANG_ENABLE_OBJC_ARC = YES;
				CLANG_ENABLE_OBJC_WEAK = YES;
				CLANG_WARN_BLOCK_CAPTURE_AUTORELEASING = YES;
				CLANG_WARN_BOOL_CONVERSION = YES;
				CLANG_WARN_COMMA = YES;
				CLANG_WARN_CONSTANT_CONVERSION = YES;
				CLANG_WARN_DEPRECATED_OBJC_IMPLEMENTATIONS = YES;
				CLANG_WARN_DIRECT_OBJC_ISA_USAGE = YES_ERROR;
				CLANG_WARN_DOCUMENTATION_COMMENTS = YES;
				CLANG_WARN_EMPTY_BODY = YES;
				CLANG_WARN_ENUM_CONVERSION = YES;
				CLANG_WARN_INFINITE_RECURSION = YES;
				CLANG_WARN_INT_CONVERSION = YES;
				CLANG_WARN_NON_LITERAL_NULL_CONVERSION = YES;
				CLANG_WARN_OBJC_IMPLICIT_RETAIN_SELF = YES;
				CLANG_WARN_OBJC_LITERAL_CONVERSION = YES;
				CLANG_WARN_OBJC_ROOT_CLASS = YES_ERROR;
				CLANG_WARN_QUOTED_INCLUDE_IN_FRAMEWORK_HEADER = YES;
				CLANG_WARN_RANGE_LOOP_ANALYSIS = YES;
				CLANG_WARN_STRICT_PROTOTYPES = YES;
				CLANG_WARN_SUSPICIOUS_MOVE = YES;
				CLANG_WARN_UNGUARDED_AVAILABILITY = YES_AGGRESSIVE;
				CLANG_WARN_UNREACHABLE_CODE = YES;
				CLANG_WARN__DUPLICATE_METHOD_MATCH = YES;
				COPY_PHASE_STRIP = NO;
				DEBUG_INFORMATION_FORMAT = "dwarf-with-dsym";
				ENABLE_NS_ASSERTIONS = NO;
				ENABLE_STRICT_OBJC_MSGSEND = YES;
				GCC_C_LANGUAGE_STANDARD = gnu11;
				GCC_NO_COMMON_BLOCKS = YES;
				GCC_WARN_64_TO_32_BIT_CONVERSION = YES;
				GCC_WARN_ABOUT_RETURN_TYPE = YES_ERROR;
				GCC_WARN_UNDECLARED_SELECTOR = YES;
				GCC_WARN_UNINITIALIZED_AUTOS = YES_AGGRESSIVE;
				GCC_WARN_UNUSED_FUNCTION = YES;
				GCC_WARN_UNUSED_VARIABLE = YES;
				IPHONEOS_DEPLOYMENT_TARGET = 15.4;
				MTL_ENABLE_DEBUG_INFO = NO;
				MTL_FAST_MATH = YES;
				SDKROOT = iphoneos;
				SWIFT_COMPILATION_MODE = wholemodule;
				SWIFT_OPTIMIZATION_LEVEL = "-O";
				VALIDATE_PRODUCT = YES;
			};
			name = Release;
		};
		3F24F596288BEF370061388B /* Debug */ = {
			isa = XCBuildConfiguration;
			buildSettings = {
				ASSETCATALOG_COMPILER_APPICON_NAME = AppIcon;
				ASSETCATALOG_COMPILER_GLOBAL_ACCENT_COLOR_NAME = AccentColor;
				CODE_SIGN_STYLE = Automatic;
				CURRENT_PROJECT_VERSION = 1;
				DEVELOPMENT_TEAM = L6395GV9DU;
				GENERATE_INFOPLIST_FILE = YES;
				INFOPLIST_FILE = BirthdayTracker/Info.plist;
				INFOPLIST_KEY_CFBundleDisplayName = Birthdays;
				INFOPLIST_KEY_UIApplicationSupportsIndirectInputEvents = YES;
				INFOPLIST_KEY_UILaunchStoryboardName = LaunchScreen;
				INFOPLIST_KEY_UIMainStoryboardFile = Main;
				INFOPLIST_KEY_UISupportedInterfaceOrientations = UIInterfaceOrientationPortrait;
				INFOPLIST_KEY_UISupportedInterfaceOrientations_iPad = "UIInterfaceOrientationPortrait UIInterfaceOrientationPortraitUpsideDown UIInterfaceOrientationLandscapeLeft UIInterfaceOrientationLandscapeRight";
				INFOPLIST_KEY_UISupportedInterfaceOrientations_iPhone = "UIInterfaceOrientationPortrait UIInterfaceOrientationLandscapeLeft UIInterfaceOrientationLandscapeRight";
				IPHONEOS_DEPLOYMENT_TARGET = 14.0;
				LD_RUNPATH_SEARCH_PATHS = (
					"$(inherited)",
					"@executable_path/Frameworks",
				);
				MARKETING_VERSION = 1.0;
				PRODUCT_BUNDLE_IDENTIFIER = JillStill.BirthdayTracker;
				PRODUCT_NAME = "$(TARGET_NAME)";
				SWIFT_EMIT_LOC_STRINGS = YES;
				SWIFT_VERSION = 5.0;
				TARGETED_DEVICE_FAMILY = 1;
			};
			name = Debug;
		};
		3F24F597288BEF370061388B /* Release */ = {
			isa = XCBuildConfiguration;
			buildSettings = {
				ASSETCATALOG_COMPILER_APPICON_NAME = AppIcon;
				ASSETCATALOG_COMPILER_GLOBAL_ACCENT_COLOR_NAME = AccentColor;
				CODE_SIGN_STYLE = Automatic;
				CURRENT_PROJECT_VERSION = 1;
				DEVELOPMENT_TEAM = L6395GV9DU;
				GENERATE_INFOPLIST_FILE = YES;
				INFOPLIST_FILE = BirthdayTracker/Info.plist;
				INFOPLIST_KEY_CFBundleDisplayName = Birthdays;
				INFOPLIST_KEY_UIApplicationSupportsIndirectInputEvents = YES;
				INFOPLIST_KEY_UILaunchStoryboardName = LaunchScreen;
				INFOPLIST_KEY_UIMainStoryboardFile = Main;
				INFOPLIST_KEY_UISupportedInterfaceOrientations = UIInterfaceOrientationPortrait;
				INFOPLIST_KEY_UISupportedInterfaceOrientations_iPad = "UIInterfaceOrientationPortrait UIInterfaceOrientationPortraitUpsideDown UIInterfaceOrientationLandscapeLeft UIInterfaceOrientationLandscapeRight";
				INFOPLIST_KEY_UISupportedInterfaceOrientations_iPhone = "UIInterfaceOrientationPortrait UIInterfaceOrientationLandscapeLeft UIInterfaceOrientationLandscapeRight";
				IPHONEOS_DEPLOYMENT_TARGET = 14.0;
				LD_RUNPATH_SEARCH_PATHS = (
					"$(inherited)",
					"@executable_path/Frameworks",
				);
				MARKETING_VERSION = 1.0;
				PRODUCT_BUNDLE_IDENTIFIER = JillStill.BirthdayTracker;
				PRODUCT_NAME = "$(TARGET_NAME)";
				SWIFT_EMIT_LOC_STRINGS = YES;
				SWIFT_VERSION = 5.0;
				TARGETED_DEVICE_FAMILY = 1;
			};
			name = Release;
		};
/* End XCBuildConfiguration section */

/* Begin XCConfigurationList section */
		3F24F579288BEF360061388B /* Build configuration list for PBXProject "BirthdayTracker" */ = {
			isa = XCConfigurationList;
			buildConfigurations = (
				3F24F593288BEF370061388B /* Debug */,
				3F24F594288BEF370061388B /* Release */,
			);
			defaultConfigurationIsVisible = 0;
			defaultConfigurationName = Release;
		};
		3F24F595288BEF370061388B /* Build configuration list for PBXNativeTarget "BirthdayTracker" */ = {
			isa = XCConfigurationList;
			buildConfigurations = (
				3F24F596288BEF370061388B /* Debug */,
				3F24F597288BEF370061388B /* Release */,
			);
			defaultConfigurationIsVisible = 0;
			defaultConfigurationName = Release;
		};
/* End XCConfigurationList section */

/* Begin XCVersionGroup section */
		3F24F58A288BEF360061388B /* BirthdayTracker.xcdatamodeld */ = {
			isa = XCVersionGroup;
			children = (
				3F24F58B288BEF360061388B /* BirthdayTracker.xcdatamodel */,
			);
			currentVersion = 3F24F58B288BEF360061388B /* BirthdayTracker.xcdatamodel */;
			path = BirthdayTracker.xcdatamodeld;
			sourceTree = "<group>";
			versionGroupType = wrapper.xcdatamodel;
		};
/* End XCVersionGroup section */
	};
	rootObject = 3F24F576288BEF360061388B /* Project object */;
}
